hash: b8d08a34f7b28e62759c5ec6dab107cb749792e6393e6e2f82f8622f44f315b8
updated: 2017-03-24T01:15:32.394039454-07:00
imports:
- name: github.com/Sirupsen/logrus
  version: ba1b36c82c5e05c4f912a88eab0dcd91a171688f
- name: gopkg.in/alecthomas/kingpin.v2
  version: e9044be3ab2a8e11d4e1f418d12f0790d57e8d70
testImports: []
